// !$*UTF8*$!
{
	archiveVersion = 1;
	classes = {
	};
	objectVersion = 56;
	objects = {

/* Begin PBXBuildFile section */
		D665D1A92B410B47006E861A /* iCelesteApp.swift in Sources */ = {isa = PBXBuildFile; fileRef = D665D1A82B410B47006E861A /* iCelesteApp.swift */; };
		D665D1AB2B410B47006E861A /* ContentView.swift in Sources */ = {isa = PBXBuildFile; fileRef = D665D1AA2B410B47006E861A /* ContentView.swift */; };
		D665D1AD2B410B48006E861A /* Assets.xcassets in Resources */ = {isa = PBXBuildFile; fileRef = D665D1AC2B410B48006E861A /* Assets.xcassets */; };
		D665D1B02B410B48006E861A /* Preview Assets.xcassets in Resources */ = {isa = PBXBuildFile; fileRef = D665D1AF2B410B48006E861A /* Preview Assets.xcassets */; };
		D665D1BA2B410B49006E861A /* iCelesteTests.swift in Sources */ = {isa = PBXBuildFile; fileRef = D665D1B92B410B49006E861A /* iCelesteTests.swift */; };
		D665D1C42B410B49006E861A /* iCelesteUITests.swift in Sources */ = {isa = PBXBuildFile; fileRef = D665D1C32B410B49006E861A /* iCelesteUITests.swift */; };
		D665D1C62B410B49006E861A /* iCelesteUITestsLaunchTests.swift in Sources */ = {isa = PBXBuildFile; fileRef = D665D1C52B410B49006E861A /* iCelesteUITestsLaunchTests.swift */; };
		D665D1D92B410B96006E861A /* WatchlesteApp.swift in Sources */ = {isa = PBXBuildFile; fileRef = D665D1D82B410B96006E861A /* WatchlesteApp.swift */; };
		D665D1DB2B410B96006E861A /* ContentView.swift in Sources */ = {isa = PBXBuildFile; fileRef = D665D1DA2B410B96006E861A /* ContentView.swift */; };
		D665D1DD2B410B9A006E861A /* Assets.xcassets in Resources */ = {isa = PBXBuildFile; fileRef = D665D1DC2B410B9A006E861A /* Assets.xcassets */; };
		D665D1E02B410B9A006E861A /* Preview Assets.xcassets in Resources */ = {isa = PBXBuildFile; fileRef = D665D1DF2B410B9A006E861A /* Preview Assets.xcassets */; };
		D665D1EA2B410B9B006E861A /* Watchleste_Watch_AppTests.swift in Sources */ = {isa = PBXBuildFile; fileRef = D665D1E92B410B9B006E861A /* Watchleste_Watch_AppTests.swift */; };
		D665D1F42B410B9C006E861A /* Watchleste_Watch_AppUITests.swift in Sources */ = {isa = PBXBuildFile; fileRef = D665D1F32B410B9C006E861A /* Watchleste_Watch_AppUITests.swift */; };
		D665D1F62B410B9C006E861A /* Watchleste_Watch_AppUITestsLaunchTests.swift in Sources */ = {isa = PBXBuildFile; fileRef = D665D1F52B410B9C006E861A /* Watchleste_Watch_AppUITestsLaunchTests.swift */; };
		D665D1F92B410B9C006E861A /* iCeleste.app in Embed Watch Content */ = {isa = PBXBuildFile; fileRef = D665D1D62B410B96006E861A /* iCeleste.app */; platformFilter = ios; settings = {ATTRIBUTES = (RemoveHeadersOnCopy, ); }; };
		D665D20E2B411353006E861A /* librustic_mountain_lib_iOS.a in Frameworks */ = {isa = PBXBuildFile; fileRef = D665D20C2B411342006E861A /* librustic_mountain_lib_iOS.a */; platformFilter = ios; };
		D665D20F2B41136A006E861A /* librustic_mountain_lib_universal_macOS.a in Frameworks */ = {isa = PBXBuildFile; fileRef = D665D20D2B411342006E861A /* librustic_mountain_lib_universal_macOS.a */; platformFilters = (macos, ); };
		D665D2142B411451006E861A /* MapData.swift in Sources */ = {isa = PBXBuildFile; fileRef = D665D2132B411451006E861A /* MapData.swift */; };
		D665D2162B41146E006E861A /* UIImage+PixelData.swift in Sources */ = {isa = PBXBuildFile; fileRef = D665D2152B41146E006E861A /* UIImage+PixelData.swift */; };
		D665D2182B41159B006E861A /* macOS+UIImage.swift in Sources */ = {isa = PBXBuildFile; fileRef = D665D2172B41159B006E861A /* macOS+UIImage.swift */; };
		D665D21C2B411981006E861A /* librustic_mountain_lib_universal_watchOS.a in Frameworks */ = {isa = PBXBuildFile; fileRef = D665D20B2B411331006E861A /* librustic_mountain_lib_universal_watchOS.a */; };
		D665D21E2B412031006E861A /* Button+pressAction.swift in Sources */ = {isa = PBXBuildFile; fileRef = D665D21D2B412031006E861A /* Button+pressAction.swift */; };
		D665D2202B41248E006E861A /* View+epicButton.swift in Sources */ = {isa = PBXBuildFile; fileRef = D665D21F2B41248E006E861A /* View+epicButton.swift */; };
		D665D2232B41E911006E861A /* SwiftUIBackports in Frameworks */ = {isa = PBXBuildFile; productRef = D665D2222B41E911006E861A /* SwiftUIBackports */; };
		D665D2252B41E99A006E861A /* SwiftUIBackports in Frameworks */ = {isa = PBXBuildFile; productRef = D665D2242B41E99A006E861A /* SwiftUIBackports */; };
		D665D2272B41EEBC006E861A /* CGKeyCode+KeyPress.swift in Sources */ = {isa = PBXBuildFile; fileRef = D665D2262B41EEBC006E861A /* CGKeyCode+KeyPress.swift */; };
		D665D22B2B41EF45006E861A /* KBControlMgr.swift in Sources */ = {isa = PBXBuildFile; fileRef = D665D22A2B41EF45006E861A /* KBControlMgr.swift */; };
		D665D22D2B41FB18006E861A /* View+PlatformAppropriateToggle.swift in Sources */ = {isa = PBXBuildFile; fileRef = D665D22C2B41FB18006E861A /* View+PlatformAppropriateToggle.swift */; };
/* End PBXBuildFile section */

/* Begin PBXContainerItemProxy section */
		D665D1B62B410B49006E861A /* PBXContainerItemProxy */ = {
			isa = PBXContainerItemProxy;
			containerPortal = D665D19D2B410B47006E861A /* Project object */;
			proxyType = 1;
			remoteGlobalIDString = D665D1A42B410B47006E861A;
			remoteInfo = iCeleste;
		};
		D665D1C02B410B49006E861A /* PBXContainerItemProxy */ = {
			isa = PBXContainerItemProxy;
			containerPortal = D665D19D2B410B47006E861A /* Project object */;
			proxyType = 1;
			remoteGlobalIDString = D665D1A42B410B47006E861A;
			remoteInfo = iCeleste;
		};
		D665D1E62B410B9B006E861A /* PBXContainerItemProxy */ = {
			isa = PBXContainerItemProxy;
			containerPortal = D665D19D2B410B47006E861A /* Project object */;
			proxyType = 1;
			remoteGlobalIDString = D665D1D52B410B96006E861A;
			remoteInfo = "Watchleste Watch App";
		};
		D665D1F02B410B9B006E861A /* PBXContainerItemProxy */ = {
			isa = PBXContainerItemProxy;
			containerPortal = D665D19D2B410B47006E861A /* Project object */;
			proxyType = 1;
			remoteGlobalIDString = D665D1D52B410B96006E861A;
			remoteInfo = "Watchleste Watch App";
		};
		D665D1F72B410B9C006E861A /* PBXContainerItemProxy */ = {
			isa = PBXContainerItemProxy;
			containerPortal = D665D19D2B410B47006E861A /* Project object */;
			proxyType = 1;
			remoteGlobalIDString = D665D1D52B410B96006E861A;
			remoteInfo = "Watchleste Watch App";
		};
/* End PBXContainerItemProxy section */

/* Begin PBXCopyFilesBuildPhase section */
		D665D1FD2B410B9C006E861A /* Embed Watch Content */ = {
			isa = PBXCopyFilesBuildPhase;
			buildActionMask = 2147483647;
			dstPath = "$(CONTENTS_FOLDER_PATH)/Watch";
			dstSubfolderSpec = 16;
			files = (
				D665D1F92B410B9C006E861A /* iCeleste.app in Embed Watch Content */,
			);
			name = "Embed Watch Content";
			runOnlyForDeploymentPostprocessing = 0;
		};
/* End PBXCopyFilesBuildPhase section */

/* Begin PBXFileReference section */
		D665D1A52B410B47006E861A /* iCeleste.app */ = {isa = PBXFileReference; explicitFileType = wrapper.application; includeInIndex = 0; path = iCeleste.app; sourceTree = BUILT_PRODUCTS_DIR; };
		D665D1A82B410B47006E861A /* iCelesteApp.swift */ = {isa = PBXFileReference; lastKnownFileType = sourcecode.swift; path = iCelesteApp.swift; sourceTree = "<group>"; };
		D665D1AA2B410B47006E861A /* ContentView.swift */ = {isa = PBXFileReference; lastKnownFileType = sourcecode.swift; path = ContentView.swift; sourceTree = "<group>"; };
		D665D1AC2B410B48006E861A /* Assets.xcassets */ = {isa = PBXFileReference; lastKnownFileType = folder.assetcatalog; path = Assets.xcassets; sourceTree = "<group>"; };
		D665D1AF2B410B48006E861A /* Preview Assets.xcassets */ = {isa = PBXFileReference; lastKnownFileType = folder.assetcatalog; path = "Preview Assets.xcassets"; sourceTree = "<group>"; };
		D665D1B52B410B49006E861A /* iCelesteTests.xctest */ = {isa = PBXFileReference; explicitFileType = wrapper.cfbundle; includeInIndex = 0; path = iCelesteTests.xctest; sourceTree = BUILT_PRODUCTS_DIR; };
		D665D1B92B410B49006E861A /* iCelesteTests.swift */ = {isa = PBXFileReference; lastKnownFileType = sourcecode.swift; path = iCelesteTests.swift; sourceTree = "<group>"; };
		D665D1BF2B410B49006E861A /* iCelesteUITests.xctest */ = {isa = PBXFileReference; explicitFileType = wrapper.cfbundle; includeInIndex = 0; path = iCelesteUITests.xctest; sourceTree = BUILT_PRODUCTS_DIR; };
		D665D1C32B410B49006E861A /* iCelesteUITests.swift */ = {isa = PBXFileReference; lastKnownFileType = sourcecode.swift; path = iCelesteUITests.swift; sourceTree = "<group>"; };
		D665D1C52B410B49006E861A /* iCelesteUITestsLaunchTests.swift */ = {isa = PBXFileReference; lastKnownFileType = sourcecode.swift; path = iCelesteUITestsLaunchTests.swift; sourceTree = "<group>"; };
		D665D1D62B410B96006E861A /* iCeleste.app */ = {isa = PBXFileReference; explicitFileType = wrapper.application; includeInIndex = 0; path = iCeleste.app; sourceTree = BUILT_PRODUCTS_DIR; };
		D665D1D82B410B96006E861A /* WatchlesteApp.swift */ = {isa = PBXFileReference; lastKnownFileType = sourcecode.swift; path = WatchlesteApp.swift; sourceTree = "<group>"; };
		D665D1DA2B410B96006E861A /* ContentView.swift */ = {isa = PBXFileReference; lastKnownFileType = sourcecode.swift; path = ContentView.swift; sourceTree = "<group>"; };
		D665D1DC2B410B9A006E861A /* Assets.xcassets */ = {isa = PBXFileReference; lastKnownFileType = folder.assetcatalog; path = Assets.xcassets; sourceTree = "<group>"; };
		D665D1DF2B410B9A006E861A /* Preview Assets.xcassets */ = {isa = PBXFileReference; lastKnownFileType = folder.assetcatalog; path = "Preview Assets.xcassets"; sourceTree = "<group>"; };
		D665D1E52B410B9B006E861A /* Watchleste Watch AppTests.xctest */ = {isa = PBXFileReference; explicitFileType = wrapper.cfbundle; includeInIndex = 0; path = "Watchleste Watch AppTests.xctest"; sourceTree = BUILT_PRODUCTS_DIR; };
		D665D1E92B410B9B006E861A /* Watchleste_Watch_AppTests.swift */ = {isa = PBXFileReference; lastKnownFileType = sourcecode.swift; path = Watchleste_Watch_AppTests.swift; sourceTree = "<group>"; };
		D665D1EF2B410B9B006E861A /* Watchleste Watch AppUITests.xctest */ = {isa = PBXFileReference; explicitFileType = wrapper.cfbundle; includeInIndex = 0; path = "Watchleste Watch AppUITests.xctest"; sourceTree = BUILT_PRODUCTS_DIR; };
		D665D1F32B410B9C006E861A /* Watchleste_Watch_AppUITests.swift */ = {isa = PBXFileReference; lastKnownFileType = sourcecode.swift; path = Watchleste_Watch_AppUITests.swift; sourceTree = "<group>"; };
		D665D1F52B410B9C006E861A /* Watchleste_Watch_AppUITestsLaunchTests.swift */ = {isa = PBXFileReference; lastKnownFileType = sourcecode.swift; path = Watchleste_Watch_AppUITestsLaunchTests.swift; sourceTree = "<group>"; };
		D665D2042B4111EF006E861A /* iCeleste.entitlements */ = {isa = PBXFileReference; lastKnownFileType = text.plist.entitlements; path = iCeleste.entitlements; sourceTree = "<group>"; };
		D665D20B2B411331006E861A /* librustic_mountain_lib_universal_watchOS.a */ = {isa = PBXFileReference; lastKnownFileType = archive.ar; name = librustic_mountain_lib_universal_watchOS.a; path = "rustic-mountain/librustic_mountain_lib_universal_watchOS.a"; sourceTree = "<group>"; };
		D665D20C2B411342006E861A /* librustic_mountain_lib_iOS.a */ = {isa = PBXFileReference; lastKnownFileType = archive.ar; name = librustic_mountain_lib_iOS.a; path = "rustic-mountain/librustic_mountain_lib_iOS.a"; sourceTree = "<group>"; };
		D665D20D2B411342006E861A /* librustic_mountain_lib_universal_macOS.a */ = {isa = PBXFileReference; lastKnownFileType = archive.ar; name = librustic_mountain_lib_universal_macOS.a; path = "rustic-mountain/librustic_mountain_lib_universal_macOS.a"; sourceTree = "<group>"; };
		D665D2102B4113D1006E861A /* iCeleste-Bridging-Header.h */ = {isa = PBXFileReference; lastKnownFileType = sourcecode.c.h; path = "iCeleste-Bridging-Header.h"; sourceTree = "<group>"; };
		D665D2132B411451006E861A /* MapData.swift */ = {isa = PBXFileReference; lastKnownFileType = sourcecode.swift; path = MapData.swift; sourceTree = "<group>"; };
		D665D2152B41146E006E861A /* UIImage+PixelData.swift */ = {isa = PBXFileReference; lastKnownFileType = sourcecode.swift; path = "UIImage+PixelData.swift"; sourceTree = "<group>"; };
		D665D2172B41159B006E861A /* macOS+UIImage.swift */ = {isa = PBXFileReference; lastKnownFileType = sourcecode.swift; path = "macOS+UIImage.swift"; sourceTree = "<group>"; };
		D665D2192B411876006E861A /* Watchleste Watch App-Bridging-Header.h */ = {isa = PBXFileReference; lastKnownFileType = sourcecode.c.h; path = "Watchleste Watch App-Bridging-Header.h"; sourceTree = "<group>"; };
		D665D21D2B412031006E861A /* Button+pressAction.swift */ = {isa = PBXFileReference; lastKnownFileType = sourcecode.swift; path = "Button+pressAction.swift"; sourceTree = "<group>"; };
		D665D21F2B41248E006E861A /* View+epicButton.swift */ = {isa = PBXFileReference; lastKnownFileType = sourcecode.swift; path = "View+epicButton.swift"; sourceTree = "<group>"; };
		D665D2262B41EEBC006E861A /* CGKeyCode+KeyPress.swift */ = {isa = PBXFileReference; lastKnownFileType = sourcecode.swift; path = "CGKeyCode+KeyPress.swift"; sourceTree = "<group>"; };
		D665D22A2B41EF45006E861A /* KBControlMgr.swift */ = {isa = PBXFileReference; lastKnownFileType = sourcecode.swift; path = KBControlMgr.swift; sourceTree = "<group>"; };
		D665D22C2B41FB18006E861A /* View+PlatformAppropriateToggle.swift */ = {isa = PBXFileReference; lastKnownFileType = sourcecode.swift; path = "View+PlatformAppropriateToggle.swift"; sourceTree = "<group>"; };
/* End PBXFileReference section */

/* Begin PBXFrameworksBuildPhase section */
		D665D1A22B410B47006E861A /* Frameworks */ = {
			isa = PBXFrameworksBuildPhase;
			buildActionMask = 2147483647;
			files = (
				D665D20F2B41136A006E861A /* librustic_mountain_lib_universal_macOS.a in Frameworks */,
				D665D2252B41E99A006E861A /* SwiftUIBackports in Frameworks */,
				D665D20E2B411353006E861A /* librustic_mountain_lib_iOS.a in Frameworks */,
			);
			runOnlyForDeploymentPostprocessing = 0;
		};
		D665D1B22B410B49006E861A /* Frameworks */ = {
			isa = PBXFrameworksBuildPhase;
			buildActionMask = 2147483647;
			files = (
			);
			runOnlyForDeploymentPostprocessing = 0;
		};
		D665D1BC2B410B49006E861A /* Frameworks */ = {
			isa = PBXFrameworksBuildPhase;
			buildActionMask = 2147483647;
			files = (
			);
			runOnlyForDeploymentPostprocessing = 0;
		};
		D665D1D32B410B96006E861A /* Frameworks */ = {
			isa = PBXFrameworksBuildPhase;
			buildActionMask = 2147483647;
			files = (
				D665D2232B41E911006E861A /* SwiftUIBackports in Frameworks */,
				D665D21C2B411981006E861A /* librustic_mountain_lib_universal_watchOS.a in Frameworks */,
			);
			runOnlyForDeploymentPostprocessing = 0;
		};
		D665D1E22B410B9B006E861A /* Frameworks */ = {
			isa = PBXFrameworksBuildPhase;
			buildActionMask = 2147483647;
			files = (
			);
			runOnlyForDeploymentPostprocessing = 0;
		};
		D665D1EC2B410B9B006E861A /* Frameworks */ = {
			isa = PBXFrameworksBuildPhase;
			buildActionMask = 2147483647;
			files = (
			);
			runOnlyForDeploymentPostprocessing = 0;
		};
/* End PBXFrameworksBuildPhase section */

/* Begin PBXGroup section */
		D665D19C2B410B47006E861A = {
			isa = PBXGroup;
			children = (
				D665D1A72B410B47006E861A /* iCeleste */,
				D665D1B82B410B49006E861A /* iCelesteTests */,
				D665D1C22B410B49006E861A /* iCelesteUITests */,
				D665D1D72B410B96006E861A /* Watchleste Watch App */,
				D665D1E82B410B9B006E861A /* Watchleste Watch AppTests */,
				D665D1F22B410B9C006E861A /* Watchleste Watch AppUITests */,
				D665D1A62B410B47006E861A /* Products */,
				D665D20A2B411331006E861A /* Frameworks */,
			);
			sourceTree = "<group>";
		};
		D665D1A62B410B47006E861A /* Products */ = {
			isa = PBXGroup;
			children = (
				D665D1A52B410B47006E861A /* iCeleste.app */,
				D665D1B52B410B49006E861A /* iCelesteTests.xctest */,
				D665D1BF2B410B49006E861A /* iCelesteUITests.xctest */,
				D665D1D62B410B96006E861A /* iCeleste.app */,
				D665D1E52B410B9B006E861A /* Watchleste Watch AppTests.xctest */,
				D665D1EF2B410B9B006E861A /* Watchleste Watch AppUITests.xctest */,
			);
			name = Products;
			sourceTree = "<group>";
		};
		D665D1A72B410B47006E861A /* iCeleste */ = {
			isa = PBXGroup;
			children = (
				D665D2042B4111EF006E861A /* iCeleste.entitlements */,
				D665D1A82B410B47006E861A /* iCelesteApp.swift */,
				D665D1AA2B410B47006E861A /* ContentView.swift */,
				D665D2292B41EF0F006E861A /* Other */,
				D665D2282B41EF01006E861A /* Extensions */,
				D665D1AC2B410B48006E861A /* Assets.xcassets */,
				D665D1AE2B410B48006E861A /* Preview Content */,
				D665D2102B4113D1006E861A /* iCeleste-Bridging-Header.h */,
			);
			path = iCeleste;
			sourceTree = "<group>";
		};
		D665D1AE2B410B48006E861A /* Preview Content */ = {
			isa = PBXGroup;
			children = (
				D665D1AF2B410B48006E861A /* Preview Assets.xcassets */,
			);
			path = "Preview Content";
			sourceTree = "<group>";
		};
		D665D1B82B410B49006E861A /* iCelesteTests */ = {
			isa = PBXGroup;
			children = (
				D665D1B92B410B49006E861A /* iCelesteTests.swift */,
			);
			path = iCelesteTests;
			sourceTree = "<group>";
		};
		D665D1C22B410B49006E861A /* iCelesteUITests */ = {
			isa = PBXGroup;
			children = (
				D665D1C32B410B49006E861A /* iCelesteUITests.swift */,
				D665D1C52B410B49006E861A /* iCelesteUITestsLaunchTests.swift */,
			);
			path = iCelesteUITests;
			sourceTree = "<group>";
		};
		D665D1D72B410B96006E861A /* Watchleste Watch App */ = {
			isa = PBXGroup;
			children = (
				D665D1D82B410B96006E861A /* WatchlesteApp.swift */,
				D665D1DA2B410B96006E861A /* ContentView.swift */,
				D665D1DC2B410B9A006E861A /* Assets.xcassets */,
				D665D1DE2B410B9A006E861A /* Preview Content */,
				D665D2192B411876006E861A /* Watchleste Watch App-Bridging-Header.h */,
			);
			path = "Watchleste Watch App";
			sourceTree = "<group>";
		};
		D665D1DE2B410B9A006E861A /* Preview Content */ = {
			isa = PBXGroup;
			children = (
				D665D1DF2B410B9A006E861A /* Preview Assets.xcassets */,
			);
			path = "Preview Content";
			sourceTree = "<group>";
		};
		D665D1E82B410B9B006E861A /* Watchleste Watch AppTests */ = {
			isa = PBXGroup;
			children = (
				D665D1E92B410B9B006E861A /* Watchleste_Watch_AppTests.swift */,
			);
			path = "Watchleste Watch AppTests";
			sourceTree = "<group>";
		};
		D665D1F22B410B9C006E861A /* Watchleste Watch AppUITests */ = {
			isa = PBXGroup;
			children = (
				D665D1F32B410B9C006E861A /* Watchleste_Watch_AppUITests.swift */,
				D665D1F52B410B9C006E861A /* Watchleste_Watch_AppUITestsLaunchTests.swift */,
			);
			path = "Watchleste Watch AppUITests";
			sourceTree = "<group>";
		};
		D665D20A2B411331006E861A /* Frameworks */ = {
			isa = PBXGroup;
			children = (
				D665D20C2B411342006E861A /* librustic_mountain_lib_iOS.a */,
				D665D20D2B411342006E861A /* librustic_mountain_lib_universal_macOS.a */,
				D665D20B2B411331006E861A /* librustic_mountain_lib_universal_watchOS.a */,
			);
			name = Frameworks;
			sourceTree = "<group>";
		};
		D665D2282B41EF01006E861A /* Extensions */ = {
			isa = PBXGroup;
			children = (
				D665D2262B41EEBC006E861A /* CGKeyCode+KeyPress.swift */,
				D665D21F2B41248E006E861A /* View+epicButton.swift */,
				D665D22C2B41FB18006E861A /* View+PlatformAppropriateToggle.swift */,
				D665D21D2B412031006E861A /* Button+pressAction.swift */,
				D665D2152B41146E006E861A /* UIImage+PixelData.swift */,
				D665D2172B41159B006E861A /* macOS+UIImage.swift */,
			);
			path = Extensions;
			sourceTree = "<group>";
		};
		D665D2292B41EF0F006E861A /* Other */ = {
			isa = PBXGroup;
			children = (
				D665D2132B411451006E861A /* MapData.swift */,
				D665D22A2B41EF45006E861A /* KBControlMgr.swift */,
			);
			path = Other;
			sourceTree = "<group>";
		};
/* End PBXGroup section */

/* Begin PBXNativeTarget section */
		D665D1A42B410B47006E861A /* iCeleste */ = {
			isa = PBXNativeTarget;
			buildConfigurationList = D665D1C92B410B49006E861A /* Build configuration list for PBXNativeTarget "iCeleste" */;
			buildPhases = (
				D665D1A12B410B47006E861A /* Sources */,
				D665D1A22B410B47006E861A /* Frameworks */,
				D665D1A32B410B47006E861A /* Resources */,
				D665D1FD2B410B9C006E861A /* Embed Watch Content */,
			);
			buildRules = (
			);
			dependencies = (
				D665D1F82B410B9C006E861A /* PBXTargetDependency */,
			);
			name = iCeleste;
			packageProductDependencies = (
				D665D2242B41E99A006E861A /* SwiftUIBackports */,
			);
			productName = iCeleste;
			productReference = D665D1A52B410B47006E861A /* iCeleste.app */;
			productType = "com.apple.product-type.application";
		};
		D665D1B42B410B49006E861A /* iCelesteTests */ = {
			isa = PBXNativeTarget;
			buildConfigurationList = D665D1CC2B410B49006E861A /* Build configuration list for PBXNativeTarget "iCelesteTests" */;
			buildPhases = (
				D665D1B12B410B49006E861A /* Sources */,
				D665D1B22B410B49006E861A /* Frameworks */,
				D665D1B32B410B49006E861A /* Resources */,
			);
			buildRules = (
			);
			dependencies = (
				D665D1B72B410B49006E861A /* PBXTargetDependency */,
			);
			name = iCelesteTests;
			productName = iCelesteTests;
			productReference = D665D1B52B410B49006E861A /* iCelesteTests.xctest */;
			productType = "com.apple.product-type.bundle.unit-test";
		};
		D665D1BE2B410B49006E861A /* iCelesteUITests */ = {
			isa = PBXNativeTarget;
			buildConfigurationList = D665D1CF2B410B49006E861A /* Build configuration list for PBXNativeTarget "iCelesteUITests" */;
			buildPhases = (
				D665D1BB2B410B49006E861A /* Sources */,
				D665D1BC2B410B49006E861A /* Frameworks */,
				D665D1BD2B410B49006E861A /* Resources */,
			);
			buildRules = (
			);
			dependencies = (
				D665D1C12B410B49006E861A /* PBXTargetDependency */,
			);
			name = iCelesteUITests;
			productName = iCelesteUITests;
			productReference = D665D1BF2B410B49006E861A /* iCelesteUITests.xctest */;
			productType = "com.apple.product-type.bundle.ui-testing";
		};
		D665D1D52B410B96006E861A /* Watchleste Watch App */ = {
			isa = PBXNativeTarget;
			buildConfigurationList = D665D1FA2B410B9C006E861A /* Build configuration list for PBXNativeTarget "Watchleste Watch App" */;
			buildPhases = (
				D665D1D22B410B96006E861A /* Sources */,
				D665D1D32B410B96006E861A /* Frameworks */,
				D665D1D42B410B96006E861A /* Resources */,
			);
			buildRules = (
			);
			dependencies = (
			);
			name = "Watchleste Watch App";
			packageProductDependencies = (
				D665D2222B41E911006E861A /* SwiftUIBackports */,
			);
			productName = "Watchleste Watch App";
			productReference = D665D1D62B410B96006E861A /* iCeleste.app */;
			productType = "com.apple.product-type.application";
		};
		D665D1E42B410B9B006E861A /* Watchleste Watch AppTests */ = {
			isa = PBXNativeTarget;
			buildConfigurationList = D665D1FE2B410B9C006E861A /* Build configuration list for PBXNativeTarget "Watchleste Watch AppTests" */;
			buildPhases = (
				D665D1E12B410B9B006E861A /* Sources */,
				D665D1E22B410B9B006E861A /* Frameworks */,
				D665D1E32B410B9B006E861A /* Resources */,
			);
			buildRules = (
			);
			dependencies = (
				D665D1E72B410B9B006E861A /* PBXTargetDependency */,
			);
			name = "Watchleste Watch AppTests";
			productName = "Watchleste Watch AppTests";
			productReference = D665D1E52B410B9B006E861A /* Watchleste Watch AppTests.xctest */;
			productType = "com.apple.product-type.bundle.unit-test";
		};
		D665D1EE2B410B9B006E861A /* Watchleste Watch AppUITests */ = {
			isa = PBXNativeTarget;
			buildConfigurationList = D665D2012B410B9C006E861A /* Build configuration list for PBXNativeTarget "Watchleste Watch AppUITests" */;
			buildPhases = (
				D665D1EB2B410B9B006E861A /* Sources */,
				D665D1EC2B410B9B006E861A /* Frameworks */,
				D665D1ED2B410B9B006E861A /* Resources */,
			);
			buildRules = (
			);
			dependencies = (
				D665D1F12B410B9B006E861A /* PBXTargetDependency */,
			);
			name = "Watchleste Watch AppUITests";
			productName = "Watchleste Watch AppUITests";
			productReference = D665D1EF2B410B9B006E861A /* Watchleste Watch AppUITests.xctest */;
			productType = "com.apple.product-type.bundle.ui-testing";
		};
/* End PBXNativeTarget section */

/* Begin PBXProject section */
		D665D19D2B410B47006E861A /* Project object */ = {
			isa = PBXProject;
			attributes = {
				BuildIndependentTargetsInParallel = 1;
				LastSwiftUpdateCheck = 1510;
				LastUpgradeCheck = 1510;
				TargetAttributes = {
					D665D1A42B410B47006E861A = {
						CreatedOnToolsVersion = 15.1;
						LastSwiftMigration = 1510;
					};
					D665D1B42B410B49006E861A = {
						CreatedOnToolsVersion = 15.1;
						TestTargetID = D665D1A42B410B47006E861A;
					};
					D665D1BE2B410B49006E861A = {
						CreatedOnToolsVersion = 15.1;
						TestTargetID = D665D1A42B410B47006E861A;
					};
					D665D1D52B410B96006E861A = {
						CreatedOnToolsVersion = 15.1;
						LastSwiftMigration = 1510;
					};
					D665D1E42B410B9B006E861A = {
						CreatedOnToolsVersion = 15.1;
						TestTargetID = D665D1D52B410B96006E861A;
					};
					D665D1EE2B410B9B006E861A = {
						CreatedOnToolsVersion = 15.1;
						TestTargetID = D665D1D52B410B96006E861A;
					};
				};
			};
			buildConfigurationList = D665D1A02B410B47006E861A /* Build configuration list for PBXProject "iCeleste" */;
			compatibilityVersion = "Xcode 14.0";
			developmentRegion = en;
			hasScannedForEncodings = 0;
			knownRegions = (
				en,
				Base,
			);
			mainGroup = D665D19C2B410B47006E861A;
			packageReferences = (
				D665D2212B41E8DC006E861A /* XCRemoteSwiftPackageReference "SwiftUIBackports" */,
			);
			productRefGroup = D665D1A62B410B47006E861A /* Products */;
			projectDirPath = "";
			projectRoot = "";
			targets = (
				D665D1A42B410B47006E861A /* iCeleste */,
				D665D1B42B410B49006E861A /* iCelesteTests */,
				D665D1BE2B410B49006E861A /* iCelesteUITests */,
				D665D1D52B410B96006E861A /* Watchleste Watch App */,
				D665D1E42B410B9B006E861A /* Watchleste Watch AppTests */,
				D665D1EE2B410B9B006E861A /* Watchleste Watch AppUITests */,
			);
		};
/* End PBXProject section */

/* Begin PBXResourcesBuildPhase section */
		D665D1A32B410B47006E861A /* Resources */ = {
			isa = PBXResourcesBuildPhase;
			buildActionMask = 2147483647;
			files = (
				D665D1B02B410B48006E861A /* Preview Assets.xcassets in Resources */,
				D665D1AD2B410B48006E861A /* Assets.xcassets in Resources */,
			);
			runOnlyForDeploymentPostprocessing = 0;
		};
		D665D1B32B410B49006E861A /* Resources */ = {
			isa = PBXResourcesBuildPhase;
			buildActionMask = 2147483647;
			files = (
			);
			runOnlyForDeploymentPostprocessing = 0;
		};
		D665D1BD2B410B49006E861A /* Resources */ = {
			isa = PBXResourcesBuildPhase;
			buildActionMask = 2147483647;
			files = (
			);
			runOnlyForDeploymentPostprocessing = 0;
		};
		D665D1D42B410B96006E861A /* Resources */ = {
			isa = PBXResourcesBuildPhase;
			buildActionMask = 2147483647;
			files = (
				D665D1E02B410B9A006E861A /* Preview Assets.xcassets in Resources */,
				D665D1DD2B410B9A006E861A /* Assets.xcassets in Resources */,
			);
			runOnlyForDeploymentPostprocessing = 0;
		};
		D665D1E32B410B9B006E861A /* Resources */ = {
			isa = PBXResourcesBuildPhase;
			buildActionMask = 2147483647;
			files = (
			);
			runOnlyForDeploymentPostprocessing = 0;
		};
		D665D1ED2B410B9B006E861A /* Resources */ = {
			isa = PBXResourcesBuildPhase;
			buildActionMask = 2147483647;
			files = (
			);
			runOnlyForDeploymentPostprocessing = 0;
		};
/* End PBXResourcesBuildPhase section */

/* Begin PBXSourcesBuildPhase section */
		D665D1A12B410B47006E861A /* Sources */ = {
			isa = PBXSourcesBuildPhase;
			buildActionMask = 2147483647;
			files = (
				D665D1AB2B410B47006E861A /* ContentView.swift in Sources */,
				D665D2202B41248E006E861A /* View+epicButton.swift in Sources */,
				D665D2272B41EEBC006E861A /* CGKeyCode+KeyPress.swift in Sources */,
				D665D21E2B412031006E861A /* Button+pressAction.swift in Sources */,
				D665D2182B41159B006E861A /* macOS+UIImage.swift in Sources */,
				D665D1A92B410B47006E861A /* iCelesteApp.swift in Sources */,
				D665D2162B41146E006E861A /* UIImage+PixelData.swift in Sources */,
				D665D2142B411451006E861A /* MapData.swift in Sources */,
				D665D22B2B41EF45006E861A /* KBControlMgr.swift in Sources */,
				D665D22D2B41FB18006E861A /* View+PlatformAppropriateToggle.swift in Sources */,
			);
			runOnlyForDeploymentPostprocessing = 0;
		};
		D665D1B12B410B49006E861A /* Sources */ = {
			isa = PBXSourcesBuildPhase;
			buildActionMask = 2147483647;
			files = (
				D665D1BA2B410B49006E861A /* iCelesteTests.swift in Sources */,
			);
			runOnlyForDeploymentPostprocessing = 0;
		};
		D665D1BB2B410B49006E861A /* Sources */ = {
			isa = PBXSourcesBuildPhase;
			buildActionMask = 2147483647;
			files = (
				D665D1C62B410B49006E861A /* iCelesteUITestsLaunchTests.swift in Sources */,
				D665D1C42B410B49006E861A /* iCelesteUITests.swift in Sources */,
			);
			runOnlyForDeploymentPostprocessing = 0;
		};
		D665D1D22B410B96006E861A /* Sources */ = {
			isa = PBXSourcesBuildPhase;
			buildActionMask = 2147483647;
			files = (
				D665D1DB2B410B96006E861A /* ContentView.swift in Sources */,
				D665D1D92B410B96006E861A /* WatchlesteApp.swift in Sources */,
			);
			runOnlyForDeploymentPostprocessing = 0;
		};
		D665D1E12B410B9B006E861A /* Sources */ = {
			isa = PBXSourcesBuildPhase;
			buildActionMask = 2147483647;
			files = (
				D665D1EA2B410B9B006E861A /* Watchleste_Watch_AppTests.swift in Sources */,
			);
			runOnlyForDeploymentPostprocessing = 0;
		};
		D665D1EB2B410B9B006E861A /* Sources */ = {
			isa = PBXSourcesBuildPhase;
			buildActionMask = 2147483647;
			files = (
				D665D1F62B410B9C006E861A /* Watchleste_Watch_AppUITestsLaunchTests.swift in Sources */,
				D665D1F42B410B9C006E861A /* Watchleste_Watch_AppUITests.swift in Sources */,
			);
			runOnlyForDeploymentPostprocessing = 0;
		};
/* End PBXSourcesBuildPhase section */

/* Begin PBXTargetDependency section */
		D665D1B72B410B49006E861A /* PBXTargetDependency */ = {
			isa = PBXTargetDependency;
			target = D665D1A42B410B47006E861A /* iCeleste */;
			targetProxy = D665D1B62B410B49006E861A /* PBXContainerItemProxy */;
		};
		D665D1C12B410B49006E861A /* PBXTargetDependency */ = {
			isa = PBXTargetDependency;
			target = D665D1A42B410B47006E861A /* iCeleste */;
			targetProxy = D665D1C02B410B49006E861A /* PBXContainerItemProxy */;
		};
		D665D1E72B410B9B006E861A /* PBXTargetDependency */ = {
			isa = PBXTargetDependency;
			target = D665D1D52B410B96006E861A /* Watchleste Watch App */;
			targetProxy = D665D1E62B410B9B006E861A /* PBXContainerItemProxy */;
		};
		D665D1F12B410B9B006E861A /* PBXTargetDependency */ = {
			isa = PBXTargetDependency;
			target = D665D1D52B410B96006E861A /* Watchleste Watch App */;
			targetProxy = D665D1F02B410B9B006E861A /* PBXContainerItemProxy */;
		};
		D665D1F82B410B9C006E861A /* PBXTargetDependency */ = {
			isa = PBXTargetDependency;
			platformFilter = ios;
			target = D665D1D52B410B96006E861A /* Watchleste Watch App */;
			targetProxy = D665D1F72B410B9C006E861A /* PBXContainerItemProxy */;
		};
/* End PBXTargetDependency section */

/* Begin XCBuildConfiguration section */
		D665D1C72B410B49006E861A /* Debug */ = {
			isa = XCBuildConfiguration;
			buildSettings = {
				ALWAYS_SEARCH_USER_PATHS = NO;
				ASSETCATALOG_COMPILER_GENERATE_SWIFT_ASSET_SYMBOL_EXTENSIONS = YES;
				CLANG_ANALYZER_NONNULL = YES;
				CLANG_ANALYZER_NUMBER_OBJECT_CONVERSION = YES_AGGRESSIVE;
				CLANG_CXX_LANGUAGE_STANDARD = "gnu++20";
				CLANG_ENABLE_MODULES = YES;
				CLANG_ENABLE_OBJC_ARC = YES;
				CLANG_ENABLE_OBJC_WEAK = YES;
				CLANG_WARN_BLOCK_CAPTURE_AUTORELEASING = YES;
				CLANG_WARN_BOOL_CONVERSION = YES;
				CLANG_WARN_COMMA = YES;
				CLANG_WARN_CONSTANT_CONVERSION = YES;
				CLANG_WARN_DEPRECATED_OBJC_IMPLEMENTATIONS = YES;
				CLANG_WARN_DIRECT_OBJC_ISA_USAGE = YES_ERROR;
				CLANG_WARN_DOCUMENTATION_COMMENTS = YES;
				CLANG_WARN_EMPTY_BODY = YES;
				CLANG_WARN_ENUM_CONVERSION = YES;
				CLANG_WARN_INFINITE_RECURSION = YES;
				CLANG_WARN_INT_CONVERSION = YES;
				CLANG_WARN_NON_LITERAL_NULL_CONVERSION = YES;
				CLANG_WARN_OBJC_IMPLICIT_RETAIN_SELF = YES;
				CLANG_WARN_OBJC_LITERAL_CONVERSION = YES;
				CLANG_WARN_OBJC_ROOT_CLASS = YES_ERROR;
				CLANG_WARN_QUOTED_INCLUDE_IN_FRAMEWORK_HEADER = YES;
				CLANG_WARN_RANGE_LOOP_ANALYSIS = YES;
				CLANG_WARN_STRICT_PROTOTYPES = YES;
				CLANG_WARN_SUSPICIOUS_MOVE = YES;
				CLANG_WARN_UNGUARDED_AVAILABILITY = YES_AGGRESSIVE;
				CLANG_WARN_UNREACHABLE_CODE = YES;
				CLANG_WARN__DUPLICATE_METHOD_MATCH = YES;
				COPY_PHASE_STRIP = NO;
				DEBUG_INFORMATION_FORMAT = dwarf;
				ENABLE_STRICT_OBJC_MSGSEND = YES;
				ENABLE_TESTABILITY = YES;
				ENABLE_USER_SCRIPT_SANDBOXING = YES;
				GCC_C_LANGUAGE_STANDARD = gnu17;
				GCC_DYNAMIC_NO_PIC = NO;
				GCC_NO_COMMON_BLOCKS = YES;
				GCC_OPTIMIZATION_LEVEL = 0;
				GCC_PREPROCESSOR_DEFINITIONS = (
					"DEBUG=1",
					"$(inherited)",
				);
				GCC_WARN_64_TO_32_BIT_CONVERSION = YES;
				GCC_WARN_ABOUT_RETURN_TYPE = YES_ERROR;
				GCC_WARN_UNDECLARED_SELECTOR = YES;
				GCC_WARN_UNINITIALIZED_AUTOS = YES_AGGRESSIVE;
				GCC_WARN_UNUSED_FUNCTION = YES;
				GCC_WARN_UNUSED_VARIABLE = YES;
				IPHONEOS_DEPLOYMENT_TARGET = 15.0;
				LOCALIZATION_PREFERS_STRING_CATALOGS = YES;
				MTL_ENABLE_DEBUG_INFO = INCLUDE_SOURCE;
				MTL_FAST_MATH = YES;
				ONLY_ACTIVE_ARCH = YES;
				SDKROOT = iphoneos;
				SWIFT_ACTIVE_COMPILATION_CONDITIONS = "DEBUG $(inherited)";
				SWIFT_OPTIMIZATION_LEVEL = "-Onone";
			};
			name = Debug;
		};
		D665D1C82B410B49006E861A /* Release */ = {
			isa = XCBuildConfiguration;
			buildSettings = {
				ALWAYS_SEARCH_USER_PATHS = NO;
				ASSETCATALOG_COMPILER_GENERATE_SWIFT_ASSET_SYMBOL_EXTENSIONS = YES;
				CLANG_ANALYZER_NONNULL = YES;
				CLANG_ANALYZER_NUMBER_OBJECT_CONVERSION = YES_AGGRESSIVE;
				CLANG_CXX_LANGUAGE_STANDARD = "gnu++20";
				CLANG_ENABLE_MODULES = YES;
				CLANG_ENABLE_OBJC_ARC = YES;
				CLANG_ENABLE_OBJC_WEAK = YES;
				CLANG_WARN_BLOCK_CAPTURE_AUTORELEASING = YES;
				CLANG_WARN_BOOL_CONVERSION = YES;
				CLANG_WARN_COMMA = YES;
				CLANG_WARN_CONSTANT_CONVERSION = YES;
				CLANG_WARN_DEPRECATED_OBJC_IMPLEMENTATIONS = YES;
				CLANG_WARN_DIRECT_OBJC_ISA_USAGE = YES_ERROR;
				CLANG_WARN_DOCUMENTATION_COMMENTS = YES;
				CLANG_WARN_EMPTY_BODY = YES;
				CLANG_WARN_ENUM_CONVERSION = YES;
				CLANG_WARN_INFINITE_RECURSION = YES;
				CLANG_WARN_INT_CONVERSION = YES;
				CLANG_WARN_NON_LITERAL_NULL_CONVERSION = YES;
				CLANG_WARN_OBJC_IMPLICIT_RETAIN_SELF = YES;
				CLANG_WARN_OBJC_LITERAL_CONVERSION = YES;
				CLANG_WARN_OBJC_ROOT_CLASS = YES_ERROR;
				CLANG_WARN_QUOTED_INCLUDE_IN_FRAMEWORK_HEADER = YES;
				CLANG_WARN_RANGE_LOOP_ANALYSIS = YES;
				CLANG_WARN_STRICT_PROTOTYPES = YES;
				CLANG_WARN_SUSPICIOUS_MOVE = YES;
				CLANG_WARN_UNGUARDED_AVAILABILITY = YES_AGGRESSIVE;
				CLANG_WARN_UNREACHABLE_CODE = YES;
				CLANG_WARN__DUPLICATE_METHOD_MATCH = YES;
				COPY_PHASE_STRIP = NO;
				DEBUG_INFORMATION_FORMAT = "dwarf-with-dsym";
				ENABLE_NS_ASSERTIONS = NO;
				ENABLE_STRICT_OBJC_MSGSEND = YES;
				ENABLE_USER_SCRIPT_SANDBOXING = YES;
				GCC_C_LANGUAGE_STANDARD = gnu17;
				GCC_NO_COMMON_BLOCKS = YES;
				GCC_WARN_64_TO_32_BIT_CONVERSION = YES;
				GCC_WARN_ABOUT_RETURN_TYPE = YES_ERROR;
				GCC_WARN_UNDECLARED_SELECTOR = YES;
				GCC_WARN_UNINITIALIZED_AUTOS = YES_AGGRESSIVE;
				GCC_WARN_UNUSED_FUNCTION = YES;
				GCC_WARN_UNUSED_VARIABLE = YES;
				IPHONEOS_DEPLOYMENT_TARGET = 15.0;
				LOCALIZATION_PREFERS_STRING_CATALOGS = YES;
				MTL_ENABLE_DEBUG_INFO = NO;
				MTL_FAST_MATH = YES;
				SDKROOT = iphoneos;
				SWIFT_COMPILATION_MODE = wholemodule;
				VALIDATE_PRODUCT = YES;
			};
			name = Release;
		};
		D665D1CA2B410B49006E861A /* Debug */ = {
			isa = XCBuildConfiguration;
			buildSettings = {
				ALWAYS_EMBED_SWIFT_STANDARD_LIBRARIES = YES;
				ASSETCATALOG_COMPILER_APPICON_NAME = AppIcon;
				ASSETCATALOG_COMPILER_GLOBAL_ACCENT_COLOR_NAME = AccentColor;
				CLANG_ENABLE_MODULES = YES;
				CODE_SIGN_ENTITLEMENTS = iCeleste/iCeleste.entitlements;
				CODE_SIGN_STYLE = Automatic;
				CURRENT_PROJECT_VERSION = 1;
				DEVELOPMENT_ASSET_PATHS = "\"iCeleste/Preview Content\"";
				DEVELOPMENT_TEAM = 8JKVMYCRTJ;
				ENABLE_PREVIEWS = YES;
				GENERATE_INFOPLIST_FILE = YES;
				INFOPLIST_KEY_LSApplicationCategoryType = "public.app-category.adventure-games";
				INFOPLIST_KEY_UIApplicationSceneManifest_Generation = YES;
				INFOPLIST_KEY_UIApplicationSupportsIndirectInputEvents = YES;
				INFOPLIST_KEY_UILaunchScreen_Generation = YES;
				INFOPLIST_KEY_UISupportedInterfaceOrientations_iPad = "UIInterfaceOrientationPortrait UIInterfaceOrientationPortraitUpsideDown UIInterfaceOrientationLandscapeLeft UIInterfaceOrientationLandscapeRight";
				INFOPLIST_KEY_UISupportedInterfaceOrientations_iPhone = "UIInterfaceOrientationPortrait UIInterfaceOrientationLandscapeLeft UIInterfaceOrientationLandscapeRight";
				LD_RUNPATH_SEARCH_PATHS = (
					"$(inherited)",
					"@executable_path/Frameworks",
				);
				LIBRARY_SEARCH_PATHS = (
					"$(inherited)",
					"$(PROJECT_DIR)/rustic-mountain",
				);
				MACOSX_DEPLOYMENT_TARGET = 12.0;
				MARKETING_VERSION = 1.0;
				PRODUCT_BUNDLE_IDENTIFIER = ca.bomberfish.iCeleste;
				PRODUCT_NAME = "$(TARGET_NAME)";
				SUPPORTED_PLATFORMS = "iphoneos iphonesimulator macosx";
				SUPPORTS_MACCATALYST = NO;
				SUPPORTS_MAC_DESIGNED_FOR_IPHONE_IPAD = NO;
				SWIFT_EMIT_LOC_STRINGS = YES;
				SWIFT_OBJC_BRIDGING_HEADER = "iCeleste/iCeleste-Bridging-Header.h";
				SWIFT_OPTIMIZATION_LEVEL = "-Onone";
				SWIFT_VERSION = 5.0;
				TARGETED_DEVICE_FAMILY = "1,2";
			};
			name = Debug;
		};
		D665D1CB2B410B49006E861A /* Release */ = {
			isa = XCBuildConfiguration;
			buildSettings = {
				ALWAYS_EMBED_SWIFT_STANDARD_LIBRARIES = YES;
				ASSETCATALOG_COMPILER_APPICON_NAME = AppIcon;
				ASSETCATALOG_COMPILER_GLOBAL_ACCENT_COLOR_NAME = AccentColor;
				CLANG_ENABLE_MODULES = YES;
				CODE_SIGN_ENTITLEMENTS = iCeleste/iCeleste.entitlements;
				CODE_SIGN_STYLE = Automatic;
				CURRENT_PROJECT_VERSION = 1;
				DEVELOPMENT_ASSET_PATHS = "\"iCeleste/Preview Content\"";
				DEVELOPMENT_TEAM = 8JKVMYCRTJ;
				ENABLE_PREVIEWS = YES;
				GENERATE_INFOPLIST_FILE = YES;
				INFOPLIST_KEY_LSApplicationCategoryType = "public.app-category.adventure-games";
				INFOPLIST_KEY_UIApplicationSceneManifest_Generation = YES;
				INFOPLIST_KEY_UIApplicationSupportsIndirectInputEvents = YES;
				INFOPLIST_KEY_UILaunchScreen_Generation = YES;
				INFOPLIST_KEY_UISupportedInterfaceOrientations_iPad = "UIInterfaceOrientationPortrait UIInterfaceOrientationPortraitUpsideDown UIInterfaceOrientationLandscapeLeft UIInterfaceOrientationLandscapeRight";
				INFOPLIST_KEY_UISupportedInterfaceOrientations_iPhone = "UIInterfaceOrientationPortrait UIInterfaceOrientationLandscapeLeft UIInterfaceOrientationLandscapeRight";
				LD_RUNPATH_SEARCH_PATHS = (
					"$(inherited)",
					"@executable_path/Frameworks",
				);
				LIBRARY_SEARCH_PATHS = (
					"$(inherited)",
					"$(PROJECT_DIR)/rustic-mountain",
				);
				MACOSX_DEPLOYMENT_TARGET = 12.0;
				MARKETING_VERSION = 1.0;
				PRODUCT_BUNDLE_IDENTIFIER = ca.bomberfish.iCeleste;
				PRODUCT_NAME = "$(TARGET_NAME)";
				SUPPORTED_PLATFORMS = "iphoneos iphonesimulator macosx";
				SUPPORTS_MACCATALYST = NO;
				SUPPORTS_MAC_DESIGNED_FOR_IPHONE_IPAD = NO;
				SWIFT_EMIT_LOC_STRINGS = YES;
				SWIFT_OBJC_BRIDGING_HEADER = "iCeleste/iCeleste-Bridging-Header.h";
				SWIFT_VERSION = 5.0;
				TARGETED_DEVICE_FAMILY = "1,2";
			};
			name = Release;
		};
		D665D1CD2B410B49006E861A /* Debug */ = {
			isa = XCBuildConfiguration;
			buildSettings = {
				ALWAYS_EMBED_SWIFT_STANDARD_LIBRARIES = YES;
				BUNDLE_LOADER = "$(TEST_HOST)";
				CODE_SIGN_STYLE = Automatic;
				CURRENT_PROJECT_VERSION = 1;
				DEVELOPMENT_TEAM = 8JKVMYCRTJ;
				GENERATE_INFOPLIST_FILE = YES;
				IPHONEOS_DEPLOYMENT_TARGET = 17.2;
				MARKETING_VERSION = 1.0;
				PRODUCT_BUNDLE_IDENTIFIER = ca.bomberfish.iCelesteTests;
				PRODUCT_NAME = "$(TARGET_NAME)";
				SWIFT_EMIT_LOC_STRINGS = NO;
				SWIFT_VERSION = 5.0;
				TARGETED_DEVICE_FAMILY = "1,2";
				TEST_HOST = "$(BUILT_PRODUCTS_DIR)/iCeleste.app/$(BUNDLE_EXECUTABLE_FOLDER_PATH)/iCeleste";
			};
			name = Debug;
		};
		D665D1CE2B410B49006E861A /* Release */ = {
			isa = XCBuildConfiguration;
			buildSettings = {
				ALWAYS_EMBED_SWIFT_STANDARD_LIBRARIES = YES;
				BUNDLE_LOADER = "$(TEST_HOST)";
				CODE_SIGN_STYLE = Automatic;
				CURRENT_PROJECT_VERSION = 1;
				DEVELOPMENT_TEAM = 8JKVMYCRTJ;
				GENERATE_INFOPLIST_FILE = YES;
				IPHONEOS_DEPLOYMENT_TARGET = 17.2;
				MARKETING_VERSION = 1.0;
				PRODUCT_BUNDLE_IDENTIFIER = ca.bomberfish.iCelesteTests;
				PRODUCT_NAME = "$(TARGET_NAME)";
				SWIFT_EMIT_LOC_STRINGS = NO;
				SWIFT_VERSION = 5.0;
				TARGETED_DEVICE_FAMILY = "1,2";
				TEST_HOST = "$(BUILT_PRODUCTS_DIR)/iCeleste.app/$(BUNDLE_EXECUTABLE_FOLDER_PATH)/iCeleste";
			};
			name = Release;
		};
		D665D1D02B410B49006E861A /* Debug */ = {
			isa = XCBuildConfiguration;
			buildSettings = {
				ALWAYS_EMBED_SWIFT_STANDARD_LIBRARIES = YES;
				CODE_SIGN_STYLE = Automatic;
				CURRENT_PROJECT_VERSION = 1;
				DEVELOPMENT_TEAM = 8JKVMYCRTJ;
				GENERATE_INFOPLIST_FILE = YES;
				MARKETING_VERSION = 1.0;
				PRODUCT_BUNDLE_IDENTIFIER = ca.bomberfish.iCelesteUITests;
				PRODUCT_NAME = "$(TARGET_NAME)";
				SWIFT_EMIT_LOC_STRINGS = NO;
				SWIFT_VERSION = 5.0;
				TARGETED_DEVICE_FAMILY = "1,2";
				TEST_TARGET_NAME = iCeleste;
			};
			name = Debug;
		};
		D665D1D12B410B49006E861A /* Release */ = {
			isa = XCBuildConfiguration;
			buildSettings = {
				ALWAYS_EMBED_SWIFT_STANDARD_LIBRARIES = YES;
				CODE_SIGN_STYLE = Automatic;
				CURRENT_PROJECT_VERSION = 1;
				DEVELOPMENT_TEAM = 8JKVMYCRTJ;
				GENERATE_INFOPLIST_FILE = YES;
				MARKETING_VERSION = 1.0;
				PRODUCT_BUNDLE_IDENTIFIER = ca.bomberfish.iCelesteUITests;
				PRODUCT_NAME = "$(TARGET_NAME)";
				SWIFT_EMIT_LOC_STRINGS = NO;
				SWIFT_VERSION = 5.0;
				TARGETED_DEVICE_FAMILY = "1,2";
				TEST_TARGET_NAME = iCeleste;
			};
			name = Release;
		};
		D665D1FB2B410B9C006E861A /* Debug */ = {
			isa = XCBuildConfiguration;
			buildSettings = {
				ASSETCATALOG_COMPILER_APPICON_NAME = AppIcon;
				ASSETCATALOG_COMPILER_GLOBAL_ACCENT_COLOR_NAME = AccentColor;
				CLANG_ENABLE_MODULES = YES;
				CODE_SIGN_STYLE = Automatic;
				CURRENT_PROJECT_VERSION = 1;
				DEVELOPMENT_ASSET_PATHS = "\"Watchleste Watch App/Preview Content\"";
				DEVELOPMENT_TEAM = 8JKVMYCRTJ;
				ENABLE_PREVIEWS = YES;
				GENERATE_INFOPLIST_FILE = YES;
				INFOPLIST_KEY_UISupportedInterfaceOrientations = "UIInterfaceOrientationPortrait UIInterfaceOrientationPortraitUpsideDown";
				INFOPLIST_KEY_WKCompanionAppBundleIdentifier = ca.bomberfish.iCeleste;
				LD_RUNPATH_SEARCH_PATHS = (
					"$(inherited)",
					"@executable_path/Frameworks",
				);
				LIBRARY_SEARCH_PATHS = (
					"$(inherited)",
					"$(PROJECT_DIR)/rustic-mountain",
				);
				MARKETING_VERSION = 1.0;
				PRODUCT_BUNDLE_IDENTIFIER = ca.bomberfish.iCeleste.Watch;
				PRODUCT_NAME = iCeleste;
				SDKROOT = watchos;
				SKIP_INSTALL = YES;
				SWIFT_EMIT_LOC_STRINGS = YES;
				SWIFT_OBJC_BRIDGING_HEADER = "Watchleste Watch App/Watchleste Watch App-Bridging-Header.h";
				SWIFT_OPTIMIZATION_LEVEL = "-Onone";
				SWIFT_VERSION = 5.0;
				TARGETED_DEVICE_FAMILY = 4;
				WATCHOS_DEPLOYMENT_TARGET = 9.0;
			};
			name = Debug;
		};
		D665D1FC2B410B9C006E861A /* Release */ = {
			isa = XCBuildConfiguration;
			buildSettings = {
				ASSETCATALOG_COMPILER_APPICON_NAME = AppIcon;
				ASSETCATALOG_COMPILER_GLOBAL_ACCENT_COLOR_NAME = AccentColor;
				CLANG_ENABLE_MODULES = YES;
				CODE_SIGN_STYLE = Automatic;
				CURRENT_PROJECT_VERSION = 1;
				DEVELOPMENT_ASSET_PATHS = "\"Watchleste Watch App/Preview Content\"";
				DEVELOPMENT_TEAM = 8JKVMYCRTJ;
				ENABLE_PREVIEWS = YES;
				GENERATE_INFOPLIST_FILE = YES;
				INFOPLIST_KEY_UISupportedInterfaceOrientations = "UIInterfaceOrientationPortrait UIInterfaceOrientationPortraitUpsideDown";
				INFOPLIST_KEY_WKCompanionAppBundleIdentifier = ca.bomberfish.iCeleste;
				LD_RUNPATH_SEARCH_PATHS = (
					"$(inherited)",
					"@executable_path/Frameworks",
				);
				LIBRARY_SEARCH_PATHS = (
					"$(inherited)",
					"$(PROJECT_DIR)/rustic-mountain",
				);
				MARKETING_VERSION = 1.0;
				PRODUCT_BUNDLE_IDENTIFIER = ca.bomberfish.iCeleste.Watch;
				PRODUCT_NAME = iCeleste;
				SDKROOT = watchos;
				SKIP_INSTALL = YES;
				SWIFT_EMIT_LOC_STRINGS = YES;
				SWIFT_OBJC_BRIDGING_HEADER = "Watchleste Watch App/Watchleste Watch App-Bridging-Header.h";
				SWIFT_VERSION = 5.0;
				TARGETED_DEVICE_FAMILY = 4;
				WATCHOS_DEPLOYMENT_TARGET = 9.0;
			};
			name = Release;
		};
		D665D1FF2B410B9C006E861A /* Debug */ = {
			isa = XCBuildConfiguration;
			buildSettings = {
				ALWAYS_EMBED_SWIFT_STANDARD_LIBRARIES = YES;
				BUNDLE_LOADER = "$(TEST_HOST)";
				CODE_SIGN_STYLE = Automatic;
				CURRENT_PROJECT_VERSION = 1;
				DEVELOPMENT_TEAM = 8JKVMYCRTJ;
				GENERATE_INFOPLIST_FILE = YES;
				MARKETING_VERSION = 1.0;
				PRODUCT_BUNDLE_IDENTIFIER = "ca.bomberfish.Watchleste-Watch-AppTests";
				PRODUCT_NAME = "$(TARGET_NAME)";
				SDKROOT = watchos;
				SWIFT_EMIT_LOC_STRINGS = NO;
				SWIFT_VERSION = 5.0;
				TARGETED_DEVICE_FAMILY = 4;
				TEST_HOST = "$(BUILT_PRODUCTS_DIR)/Watchleste Watch App.app/$(BUNDLE_EXECUTABLE_FOLDER_PATH)/Watchleste Watch App";
				WATCHOS_DEPLOYMENT_TARGET = 10.2;
			};
			name = Debug;
		};
		D665D2002B410B9C006E861A /* Release */ = {
			isa = XCBuildConfiguration;
			buildSettings = {
				ALWAYS_EMBED_SWIFT_STANDARD_LIBRARIES = YES;
				BUNDLE_LOADER = "$(TEST_HOST)";
				CODE_SIGN_STYLE = Automatic;
				CURRENT_PROJECT_VERSION = 1;
				DEVELOPMENT_TEAM = 8JKVMYCRTJ;
				GENERATE_INFOPLIST_FILE = YES;
				MARKETING_VERSION = 1.0;
				PRODUCT_BUNDLE_IDENTIFIER = "ca.bomberfish.Watchleste-Watch-AppTests";
				PRODUCT_NAME = "$(TARGET_NAME)";
				SDKROOT = watchos;
				SWIFT_EMIT_LOC_STRINGS = NO;
				SWIFT_VERSION = 5.0;
				TARGETED_DEVICE_FAMILY = 4;
				TEST_HOST = "$(BUILT_PRODUCTS_DIR)/Watchleste Watch App.app/$(BUNDLE_EXECUTABLE_FOLDER_PATH)/Watchleste Watch App";
				WATCHOS_DEPLOYMENT_TARGET = 10.2;
			};
			name = Release;
		};
		D665D2022B410B9C006E861A /* Debug */ = {
			isa = XCBuildConfiguration;
			buildSettings = {
				ALWAYS_EMBED_SWIFT_STANDARD_LIBRARIES = YES;
				CODE_SIGN_STYLE = Automatic;
				CURRENT_PROJECT_VERSION = 1;
				DEVELOPMENT_TEAM = 8JKVMYCRTJ;
				GENERATE_INFOPLIST_FILE = YES;
				MARKETING_VERSION = 1.0;
				PRODUCT_BUNDLE_IDENTIFIER = "ca.bomberfish.Watchleste-Watch-AppUITests";
				PRODUCT_NAME = "$(TARGET_NAME)";
				SDKROOT = watchos;
				SWIFT_EMIT_LOC_STRINGS = NO;
				SWIFT_VERSION = 5.0;
				TARGETED_DEVICE_FAMILY = 4;
				TEST_TARGET_NAME = "Watchleste Watch App";
				WATCHOS_DEPLOYMENT_TARGET = 10.2;
			};
			name = Debug;
		};
		D665D2032B410B9C006E861A /* Release */ = {
			isa = XCBuildConfiguration;
			buildSettings = {
				ALWAYS_EMBED_SWIFT_STANDARD_LIBRARIES = YES;
				CODE_SIGN_STYLE = Automatic;
				CURRENT_PROJECT_VERSION = 1;
				DEVELOPMENT_TEAM = 8JKVMYCRTJ;
				GENERATE_INFOPLIST_FILE = YES;
				MARKETING_VERSION = 1.0;
				PRODUCT_BUNDLE_IDENTIFIER = "ca.bomberfish.Watchleste-Watch-AppUITests";
				PRODUCT_NAME = "$(TARGET_NAME)";
				SDKROOT = watchos;
				SWIFT_EMIT_LOC_STRINGS = NO;
				SWIFT_VERSION = 5.0;
				TARGETED_DEVICE_FAMILY = 4;
				TEST_TARGET_NAME = "Watchleste Watch App";
				WATCHOS_DEPLOYMENT_TARGET = 10.2;
			};
			name = Release;
		};
/* End XCBuildConfiguration section */

/* Begin XCConfigurationList section */
		D665D1A02B410B47006E861A /* Build configuration list for PBXProject "iCeleste" */ = {
			isa = XCConfigurationList;
			buildConfigurations = (
				D665D1C72B410B49006E861A /* Debug */,
				D665D1C82B410B49006E861A /* Release */,
			);
			defaultConfigurationIsVisible = 0;
			defaultConfigurationName = Release;
		};
		D665D1C92B410B49006E861A /* Build configuration list for PBXNativeTarget "iCeleste" */ = {
			isa = XCConfigurationList;
			buildConfigurations = (
				D665D1CA2B410B49006E861A /* Debug */,
				D665D1CB2B410B49006E861A /* Release */,
			);
			defaultConfigurationIsVisible = 0;
			defaultConfigurationName = Release;
		};
		D665D1CC2B410B49006E861A /* Build configuration list for PBXNativeTarget "iCelesteTests" */ = {
			isa = XCConfigurationList;
			buildConfigurations = (
				D665D1CD2B410B49006E861A /* Debug */,
				D665D1CE2B410B49006E861A /* Release */,
			);
			defaultConfigurationIsVisible = 0;
			defaultConfigurationName = Release;
		};
		D665D1CF2B410B49006E861A /* Build configuration list for PBXNativeTarget "iCelesteUITests" */ = {
			isa = XCConfigurationList;
			buildConfigurations = (
				D665D1D02B410B49006E861A /* Debug */,
				D665D1D12B410B49006E861A /* Release */,
			);
			defaultConfigurationIsVisible = 0;
			defaultConfigurationName = Release;
		};
		D665D1FA2B410B9C006E861A /* Build configuration list for PBXNativeTarget "Watchleste Watch App" */ = {
			isa = XCConfigurationList;
			buildConfigurations = (
				D665D1FB2B410B9C006E861A /* Debug */,
				D665D1FC2B410B9C006E861A /* Release */,
			);
			defaultConfigurationIsVisible = 0;
			defaultConfigurationName = Release;
		};
		D665D1FE2B410B9C006E861A /* Build configuration list for PBXNativeTarget "Watchleste Watch AppTests" */ = {
			isa = XCConfigurationList;
			buildConfigurations = (
				D665D1FF2B410B9C006E861A /* Debug */,
				D665D2002B410B9C006E861A /* Release */,
			);
			defaultConfigurationIsVisible = 0;
			defaultConfigurationName = Release;
		};
		D665D2012B410B9C006E861A /* Build configuration list for PBXNativeTarget "Watchleste Watch AppUITests" */ = {
			isa = XCConfigurationList;
			buildConfigurations = (
				D665D2022B410B9C006E861A /* Debug */,
				D665D2032B410B9C006E861A /* Release */,
			);
			defaultConfigurationIsVisible = 0;
			defaultConfigurationName = Release;
		};
/* End XCConfigurationList section */

/* Begin XCRemoteSwiftPackageReference section */
		D665D2212B41E8DC006E861A /* XCRemoteSwiftPackageReference "SwiftUIBackports" */ = {
			isa = XCRemoteSwiftPackageReference;
			repositoryURL = "https://github.com/shaps80/SwiftUIBackports";
			requirement = {
				kind = upToNextMajorVersion;
				minimumVersion = 2.8.0;
			};
		};
/* End XCRemoteSwiftPackageReference section */

/* Begin XCSwiftPackageProductDependency section */
		D665D2222B41E911006E861A /* SwiftUIBackports */ = {
			isa = XCSwiftPackageProductDependency;
			package = D665D2212B41E8DC006E861A /* XCRemoteSwiftPackageReference "SwiftUIBackports" */;
			productName = SwiftUIBackports;
		};
		D665D2242B41E99A006E861A /* SwiftUIBackports */ = {
			isa = XCSwiftPackageProductDependency;
			package = D665D2212B41E8DC006E861A /* XCRemoteSwiftPackageReference "SwiftUIBackports" */;
			productName = SwiftUIBackports;
		};
/* End XCSwiftPackageProductDependency section */
	};
	rootObject = D665D19D2B410B47006E861A /* Project object */;
}
